
Microsoft Visual Studio Solution File, Format Version 12.00
Project("{FAE04EC0-301F-11D3-BF4B-00C04F79EFBC}") = "memoire_api", "memoire_api\memoire_api.csproj", "{525C7A8C-C659-45B4-A07E-9ED442E6388F}"
EndProject
Project("{FAE04EC0-301F-11D3-BF4B-00C04F79EFBC}") = "dataAccess", "dataAccess\dataAccess.csproj", "{B1823851-68DE-4244-8E61-F71FCD6B12A5}"
EndProject
Project("{FAE04EC0-301F-11D3-BF4B-00C04F79EFBC}") = "memoire_blazor", "memoire_blazor\memoire_blazor.csproj", "{C3D80F34-EF2A-49E2-9D7A-C611F5C6A116}"
EndProject
Global
	GlobalSection(SolutionConfigurationPlatforms) = preSolution
		Debug|Any CPU = Debug|Any CPU
		Release|Any CPU = Release|Any CPU
	EndGlobalSection
	GlobalSection(ProjectConfigurationPlatforms) = postSolution
		{525C7A8C-C659-45B4-A07E-9ED442E6388F}.Debug|Any CPU.ActiveCfg = Debug|Any CPU
		{525C7A8C-C659-45B4-A07E-9ED442E6388F}.Debug|Any CPU.Build.0 = Debug|Any CPU
		{525C7A8C-C659-45B4-A07E-9ED442E6388F}.Release|Any CPU.ActiveCfg = Release|Any CPU
		{525C7A8C-C659-45B4-A07E-9ED442E6388F}.Release|Any CPU.Build.0 = Release|Any CPU
		{B1823851-68DE-4244-8E61-F71FCD6B12A5}.Debug|Any CPU.ActiveCfg = Debug|Any CPU
		{B1823851-68DE-4244-8E61-F71FCD6B12A5}.Debug|Any CPU.Build.0 = Debug|Any CPU
		{B1823851-68DE-4244-8E61-F71FCD6B12A5}.Release|Any CPU.ActiveCfg = Release|Any CPU
		{B1823851-68DE-4244-8E61-F71FCD6B12A5}.Release|Any CPU.Build.0 = Release|Any CPU
		{C3D80F34-EF2A-49E2-9D7A-C611F5C6A116}.Debug|Any CPU.ActiveCfg = Debug|Any CPU
		{C3D80F34-EF2A-49E2-9D7A-C611F5C6A116}.Debug|Any CPU.Build.0 = Debug|Any CPU
		{C3D80F34-EF2A-49E2-9D7A-C611F5C6A116}.Release|Any CPU.ActiveCfg = Release|Any CPU
		{C3D80F34-EF2A-49E2-9D7A-C611F5C6A116}.Release|Any CPU.Build.0 = Release|Any CPU
	EndGlobalSection
EndGlobal
